
Microsoft Visual Studio Solution File, Format Version 12.00
# Visual Studio Version 17
VisualStudioVersion = 17.8.34330.188
MinimumVisualStudioVersion = 10.0.40219.1
Project("{9A19103F-16F7-4668-BE54-9A1E7A4F7556}") = "Anytime.Mailbox.Shared.Navigation", "Anytime.Mailbox.Shared.Navigation\Anytime.Mailbox.Shared.Navigation.csproj", "{4F9599A5-0F3F-4B5F-8219-9AEE02C3431E}"
EndProject
Project("{9A19103F-16F7-4668-BE54-9A1E7A4F7556}") = "Anytime.Mailbox.Renter.Portal", "Anytime.Mailbox.Renter.Portal\Anytime.Mailbox.Renter.Portal.csproj", "{28EDBB76-CF0E-4D9C-A6C4-518B8C33D00F}"
EndProject
Global
	GlobalSection(SolutionConfigurationPlatforms) = preSolution
		Debug|Any CPU = Debug|Any CPU
		Release|Any CPU = Release|Any CPU
	EndGlobalSection
	GlobalSection(ProjectConfigurationPlatforms) = postSolution
		{4F9599A5-0F3F-4B5F-8219-9AEE02C3431E}.Debug|Any CPU.ActiveCfg = Debug|Any CPU
		{4F9599A5-0F3F-4B5F-8219-9AEE02C3431E}.Debug|Any CPU.Build.0 = Debug|Any CPU
		{4F9599A5-0F3F-4B5F-8219-9AEE02C3431E}.Release|Any CPU.ActiveCfg = Release|Any CPU
		{4F9599A5-0F3F-4B5F-8219-9AEE02C3431E}.Release|Any CPU.Build.0 = Release|Any CPU
		{28EDBB76-CF0E-4D9C-A6C4-518B8C33D00F}.Debug|Any CPU.ActiveCfg = Debug|Any CPU
		{28EDBB76-CF0E-4D9C-A6C4-518B8C33D00F}.Debug|Any CPU.Build.0 = Debug|Any CPU
		{28EDBB76-CF0E-4D9C-A6C4-518B8C33D00F}.Release|Any CPU.ActiveCfg = Release|Any CPU
		{28EDBB76-CF0E-4D9C-A6C4-518B8C33D00F}.Release|Any CPU.Build.0 = Release|Any CPU
	EndGlobalSection
	GlobalSection(SolutionProperties) = preSolution
		HideSolutionNode = FALSE
	EndGlobalSection
	GlobalSection(ExtensibilityGlobals) = postSolution
		SolutionGuid = {0321152B-FDBD-4880-86B5-447A79675D7C}
	EndGlobalSection
EndGlobal
